
Microsoft Visual Studio Solution File, Format Version 11.00
# Visual C# Express 2010
Project("{FAE04EC0-301F-11D3-BF4B-00C04F79EFBC}") = "Point_Of_Sale", "Point_Of_Sale\Point_Of_Sale.csproj", "{D15AD663-84BE-43C2-8475-2C03400C05F9}"
EndProject
Global
	GlobalSection(SolutionConfigurationPlatforms) = preSolution
		Debug|x86 = Debug|x86
		Release|x86 = Release|x86
	EndGlobalSection
	GlobalSection(ProjectConfigurationPlatforms) = postSolution
		{D15AD663-84BE-43C2-8475-2C03400C05F9}.Debug|x86.ActiveCfg = Debug|x86
		{D15AD663-84BE-43C2-8475-2C03400C05F9}.Debug|x86.Build.0 = Debug|x86
		{D15AD663-84BE-43C2-8475-2C03400C05F9}.Release|x86.ActiveCfg = Release|x86
		{D15AD663-84BE-43C2-8475-2C03400C05F9}.Release|x86.Build.0 = Release|x86
	EndGlobalSection
	GlobalSection(SolutionProperties) = preSolution
		HideSolutionNode = FALSE
	EndGlobalSection
EndGlobal
